
Microsoft Visual Studio Solution File, Format Version 12.00
# Visual Studio Version 16
VisualStudioVersion = 16.0.29920.165
MinimumVisualStudioVersion = 10.0.40219.1
Project("{FAE04EC0-301F-11D3-BF4B-00C04F79EFBC}") = "CarLotWebApi", "CarLotWebApi.csproj", "{BDFC01C2-2EE9-47F4-AA79-D224DCE9B6E7}"
EndProject
Project("{FAE04EC0-301F-11D3-BF4B-00C04F79EFBC}") = "AutoLotDAL", "..\AutoLotDAL\AutoLotDAL.csproj", "{8E22A247-CAE2-40D8-8D5C-8BC0CAB43FC2}"
EndProject
Project("{FAE04EC0-301F-11D3-BF4B-00C04F79EFBC}") = "AutoLotDAL.Models", "..\AutoLotDAL.Models\AutoLotDAL.Models.csproj", "{B8A3E105-99C0-4023-9C75-E474BDA2CD8C}"
EndProject
Project("{FAE04EC0-301F-11D3-BF4B-00C04F79EFBC}") = "CarLotMVC", "..\CarLotMVC\CarLotMVC.csproj", "{201FA98E-9F5C-4214-B5AC-F20F2C3CAD2C}"
EndProject
Global
	GlobalSection(SolutionConfigurationPlatforms) = preSolution
		Debug|Any CPU = Debug|Any CPU
		Release|Any CPU = Release|Any CPU
	EndGlobalSection
	GlobalSection(ProjectConfigurationPlatforms) = postSolution
		{BDFC01C2-2EE9-47F4-AA79-D224DCE9B6E7}.Debug|Any CPU.ActiveCfg = Debug|Any CPU
		{BDFC01C2-2EE9-47F4-AA79-D224DCE9B6E7}.Debug|Any CPU.Build.0 = Debug|Any CPU
		{BDFC01C2-2EE9-47F4-AA79-D224DCE9B6E7}.Release|Any CPU.ActiveCfg = Release|Any CPU
		{BDFC01C2-2EE9-47F4-AA79-D224DCE9B6E7}.Release|Any CPU.Build.0 = Release|Any CPU
		{8E22A247-CAE2-40D8-8D5C-8BC0CAB43FC2}.Debug|Any CPU.ActiveCfg = Debug|Any CPU
		{8E22A247-CAE2-40D8-8D5C-8BC0CAB43FC2}.Debug|Any CPU.Build.0 = Debug|Any CPU
		{8E22A247-CAE2-40D8-8D5C-8BC0CAB43FC2}.Release|Any CPU.ActiveCfg = Release|Any CPU
		{8E22A247-CAE2-40D8-8D5C-8BC0CAB43FC2}.Release|Any CPU.Build.0 = Release|Any CPU
		{B8A3E105-99C0-4023-9C75-E474BDA2CD8C}.Debug|Any CPU.ActiveCfg = Debug|Any CPU
		{B8A3E105-99C0-4023-9C75-E474BDA2CD8C}.Debug|Any CPU.Build.0 = Debug|Any CPU
		{B8A3E105-99C0-4023-9C75-E474BDA2CD8C}.Release|Any CPU.ActiveCfg = Release|Any CPU
		{B8A3E105-99C0-4023-9C75-E474BDA2CD8C}.Release|Any CPU.Build.0 = Release|Any CPU
		{201FA98E-9F5C-4214-B5AC-F20F2C3CAD2C}.Debug|Any CPU.ActiveCfg = Debug|Any CPU
		{201FA98E-9F5C-4214-B5AC-F20F2C3CAD2C}.Debug|Any CPU.Build.0 = Debug|Any CPU
		{201FA98E-9F5C-4214-B5AC-F20F2C3CAD2C}.Release|Any CPU.ActiveCfg = Release|Any CPU
		{201FA98E-9F5C-4214-B5AC-F20F2C3CAD2C}.Release|Any CPU.Build.0 = Release|Any CPU
	EndGlobalSection
	GlobalSection(SolutionProperties) = preSolution
		HideSolutionNode = FALSE
	EndGlobalSection
	GlobalSection(ExtensibilityGlobals) = postSolution
		SolutionGuid = {4D072901-6206-4215-BEA0-8A7A09E3C969}
	EndGlobalSection
EndGlobal
